
Microsoft Visual Studio Solution File, Format Version 12.00
# Visual Studio Version 17
VisualStudioVersion = 17.14.36401.2
MinimumVisualStudioVersion = 10.0.40219.1
Project("{8BC9CEB8-8B4A-11D0-8D11-00A0C91BC942}") = "Program", "Program.vcxproj", "{AB981583-7F5B-4741-B660-12222059310B}"
EndProject
Project("{8BC9CEB8-8B4A-11D0-8D11-00A0C91BC942}") = "Class1th(Asymptotic Notation)", "..\Class1th(Asymptotic Notation)\Class1th(Asymptotic Notation).vcxproj", "{0D4589E8-9433-4C11-9F0D-BBFA107F7FD5}"
EndProject
Project("{8BC9CEB8-8B4A-11D0-8D11-00A0C91BC942}") = "Class2th (Brute Force)", "..\Class2th (Brute Force)\Class2th (Brute Force).vcxproj", "{DD17CFAB-860F-4DEB-9303-24B8A6D1094F}"
EndProject
Project("{8BC9CEB8-8B4A-11D0-8D11-00A0C91BC942}") = "Class3th (Bubble Sort)", "..\Class3th (Bubble Sort)\Class3th (Bubble Sort).vcxproj", "{2FD6AA4B-4D16-4FE7-B01C-B1A1CC6C3DD6}"
EndProject
Project("{8BC9CEB8-8B4A-11D0-8D11-00A0C91BC942}") = "Class4th(Select Sort)", "..\Class4th(Select Sort)\Class4th(Select Sort).vcxproj", "{D1E7B689-0505-486D-A312-9809CC1B4755}"
EndProject
Project("{8BC9CEB8-8B4A-11D0-8D11-00A0C91BC942}") = "Class5th (Insert Sort)", "..\Class6th (Insert Sort)\Class6th (Insert Sort).vcxproj", "{3F2D2B0B-0941-47DC-8312-1CC55C3A0C90}"
EndProject
Project("{8BC9CEB8-8B4A-11D0-8D11-00A0C91BC942}") = "Class6th (Euclidian)", "..\Class6th (Euclidian)\Class6th (Euclidian).vcxproj", "{154AE33C-789C-4FB6-B46B-FE36A4472C35}"
EndProject
Project("{8BC9CEB8-8B4A-11D0-8D11-00A0C91BC942}") = "Class7th (sleve of Eratosthenes)", "..\Class7th\Class7th.vcxproj", "{E77A1C68-FBFF-4F9E-82CE-B7E1D8A77FEF}"
EndProject
Project("{8BC9CEB8-8B4A-11D0-8D11-00A0C91BC942}") = "Class8th (Count Sort)", "..\Class8th (Count Sort)\Class8th (Count Sort).vcxproj", "{FFC29DD3-BEAB-46CE-98E7-28C251FFCF40}"
EndProject
Project("{8BC9CEB8-8B4A-11D0-8D11-00A0C91BC942}") = "Class9th (Divide and Conqure)", "..\Class9th (Divide and Conqure)\Class9th (Divide and Conqure).vcxproj", "{93726BF7-BD0C-4833-9DB7-B9475FC5DB0B}"
EndProject
Project("{8BC9CEB8-8B4A-11D0-8D11-00A0C91BC942}") = "Class10th (Binary Search)", "..\Class10th (Binary Search)\Class10th (Binary Search).vcxproj", "{0F8F818C-AF32-409A-BCB7-E2F657E4C4E7}"
EndProject
Project("{8BC9CEB8-8B4A-11D0-8D11-00A0C91BC942}") = "Class11th (Quick Sort)", "..\Class11th (Quick Sort)\Class11th (Quick Sort).vcxproj", "{3CDE1AD1-AD57-4F3F-95AA-DE66B03278D1}"
EndProject
Project("{8BC9CEB8-8B4A-11D0-8D11-00A0C91BC942}") = "Class12th (Merge Sort)", "..\Class12th (Merge Sort)\Class12th (Merge Sort).vcxproj", "{020BAE8D-7090-45BC-8889-A9DAF2C954C9}"
EndProject
Project("{8BC9CEB8-8B4A-11D0-8D11-00A0C91BC942}") = "Class17th (Topology Sort)", "..\Class17th (Topology Sort)\Class17th (Topology Sort).vcxproj", "{B7C825B0-27F8-4CA9-B430-AEF2D1473A5F}"
EndProject
Project("{8BC9CEB8-8B4A-11D0-8D11-00A0C91BC942}") = "Class14th (Greedy)", "..\Class14th (Greedy)\Class14th (Greedy).vcxproj", "{96DC1124-EBF8-42DC-9392-2D7F19147B6D}"
EndProject
Project("{8BC9CEB8-8B4A-11D0-8D11-00A0C91BC942}") = "Class16th (Breadth First Search)", "..\Class16th (Breadth First Search)\Class16th (Breadth First Search).vcxproj", "{0CA06687-5CD5-43BB-AC96-A6800709D88B}"
EndProject
Project("{8BC9CEB8-8B4A-11D0-8D11-00A0C91BC942}") = "Class15th (Depth First Search)", "..\Source15th (Depth First Search)\Source15th (Depth First Search).vcxproj", "{FEFFE418-B149-4F01-B5B4-1FB7F3CDB2B3}"
EndProject
Project("{8BC9CEB8-8B4A-11D0-8D11-00A0C91BC942}") = "Class18th (dijkstra)", "..\Class18th (dijkstra)\Class18th (dijkstra).vcxproj", "{903CD671-B711-4FB2-AA9B-C1E5E97FFDDA}"
EndProject
Project("{8BC9CEB8-8B4A-11D0-8D11-00A0C91BC942}") = "Class19th (Shell Sort)", "..\Class19th (Shell Sort)\Class19th (Shell Sort).vcxproj", "{8067A270-36F9-49D6-903F-1A2654632386}"
EndProject
Global
	GlobalSection(SolutionConfigurationPlatforms) = preSolution
		Debug|x64 = Debug|x64
		Debug|x86 = Debug|x86
		Release|x64 = Release|x64
		Release|x86 = Release|x86
	EndGlobalSection
	GlobalSection(ProjectConfigurationPlatforms) = postSolution
		{AB981583-7F5B-4741-B660-12222059310B}.Debug|x64.ActiveCfg = Debug|x64
		{AB981583-7F5B-4741-B660-12222059310B}.Debug|x64.Build.0 = Debug|x64
		{AB981583-7F5B-4741-B660-12222059310B}.Debug|x86.ActiveCfg = Debug|Win32
		{AB981583-7F5B-4741-B660-12222059310B}.Debug|x86.Build.0 = Debug|Win32
		{AB981583-7F5B-4741-B660-12222059310B}.Release|x64.ActiveCfg = Release|x64
		{AB981583-7F5B-4741-B660-12222059310B}.Release|x64.Build.0 = Release|x64
		{AB981583-7F5B-4741-B660-12222059310B}.Release|x86.ActiveCfg = Release|Win32
		{AB981583-7F5B-4741-B660-12222059310B}.Release|x86.Build.0 = Release|Win32
		{0D4589E8-9433-4C11-9F0D-BBFA107F7FD5}.Debug|x64.ActiveCfg = Debug|x64
		{0D4589E8-9433-4C11-9F0D-BBFA107F7FD5}.Debug|x64.Build.0 = Debug|x64
		{0D4589E8-9433-4C11-9F0D-BBFA107F7FD5}.Debug|x86.ActiveCfg = Debug|Win32
		{0D4589E8-9433-4C11-9F0D-BBFA107F7FD5}.Debug|x86.Build.0 = Debug|Win32
		{0D4589E8-9433-4C11-9F0D-BBFA107F7FD5}.Release|x64.ActiveCfg = Release|x64
		{0D4589E8-9433-4C11-9F0D-BBFA107F7FD5}.Release|x64.Build.0 = Release|x64
		{0D4589E8-9433-4C11-9F0D-BBFA107F7FD5}.Release|x86.ActiveCfg = Release|Win32
		{0D4589E8-9433-4C11-9F0D-BBFA107F7FD5}.Release|x86.Build.0 = Release|Win32
		{DD17CFAB-860F-4DEB-9303-24B8A6D1094F}.Debug|x64.ActiveCfg = Debug|x64
		{DD17CFAB-860F-4DEB-9303-24B8A6D1094F}.Debug|x64.Build.0 = Debug|x64
		{DD17CFAB-860F-4DEB-9303-24B8A6D1094F}.Debug|x86.ActiveCfg = Debug|Win32
		{DD17CFAB-860F-4DEB-9303-24B8A6D1094F}.Debug|x86.Build.0 = Debug|Win32
		{DD17CFAB-860F-4DEB-9303-24B8A6D1094F}.Release|x64.ActiveCfg = Release|x64
		{DD17CFAB-860F-4DEB-9303-24B8A6D1094F}.Release|x64.Build.0 = Release|x64
		{DD17CFAB-860F-4DEB-9303-24B8A6D1094F}.Release|x86.ActiveCfg = Release|Win32
		{DD17CFAB-860F-4DEB-9303-24B8A6D1094F}.Release|x86.Build.0 = Release|Win32
		{2FD6AA4B-4D16-4FE7-B01C-B1A1CC6C3DD6}.Debug|x64.ActiveCfg = Debug|x64
		{2FD6AA4B-4D16-4FE7-B01C-B1A1CC6C3DD6}.Debug|x64.Build.0 = Debug|x64
		{2FD6AA4B-4D16-4FE7-B01C-B1A1CC6C3DD6}.Debug|x86.ActiveCfg = Debug|Win32
		{2FD6AA4B-4D16-4FE7-B01C-B1A1CC6C3DD6}.Debug|x86.Build.0 = Debug|Win32
		{2FD6AA4B-4D16-4FE7-B01C-B1A1CC6C3DD6}.Release|x64.ActiveCfg = Release|x64
		{2FD6AA4B-4D16-4FE7-B01C-B1A1CC6C3DD6}.Release|x64.Build.0 = Release|x64
		{2FD6AA4B-4D16-4FE7-B01C-B1A1CC6C3DD6}.Release|x86.ActiveCfg = Release|Win32
		{2FD6AA4B-4D16-4FE7-B01C-B1A1CC6C3DD6}.Release|x86.Build.0 = Release|Win32
		{D1E7B689-0505-486D-A312-9809CC1B4755}.Debug|x64.ActiveCfg = Debug|x64
		{D1E7B689-0505-486D-A312-9809CC1B4755}.Debug|x64.Build.0 = Debug|x64
		{D1E7B689-0505-486D-A312-9809CC1B4755}.Debug|x86.ActiveCfg = Debug|Win32
		{D1E7B689-0505-486D-A312-9809CC1B4755}.Debug|x86.Build.0 = Debug|Win32
		{D1E7B689-0505-486D-A312-9809CC1B4755}.Release|x64.ActiveCfg = Release|x64
		{D1E7B689-0505-486D-A312-9809CC1B4755}.Release|x64.Build.0 = Release|x64
		{D1E7B689-0505-486D-A312-9809CC1B4755}.Release|x86.ActiveCfg = Release|Win32
		{D1E7B689-0505-486D-A312-9809CC1B4755}.Release|x86.Build.0 = Release|Win32
		{3F2D2B0B-0941-47DC-8312-1CC55C3A0C90}.Debug|x64.ActiveCfg = Debug|x64
		{3F2D2B0B-0941-47DC-8312-1CC55C3A0C90}.Debug|x64.Build.0 = Debug|x64
		{3F2D2B0B-0941-47DC-8312-1CC55C3A0C90}.Debug|x86.ActiveCfg = Debug|Win32
		{3F2D2B0B-0941-47DC-8312-1CC55C3A0C90}.Debug|x86.Build.0 = Debug|Win32
		{3F2D2B0B-0941-47DC-8312-1CC55C3A0C90}.Release|x64.ActiveCfg = Release|x64
		{3F2D2B0B-0941-47DC-8312-1CC55C3A0C90}.Release|x64.Build.0 = Release|x64
		{3F2D2B0B-0941-47DC-8312-1CC55C3A0C90}.Release|x86.ActiveCfg = Release|Win32
		{3F2D2B0B-0941-47DC-8312-1CC55C3A0C90}.Release|x86.Build.0 = Release|Win32
		{154AE33C-789C-4FB6-B46B-FE36A4472C35}.Debug|x64.ActiveCfg = Debug|x64
		{154AE33C-789C-4FB6-B46B-FE36A4472C35}.Debug|x64.Build.0 = Debug|x64
		{154AE33C-789C-4FB6-B46B-FE36A4472C35}.Debug|x86.ActiveCfg = Debug|Win32
		{154AE33C-789C-4FB6-B46B-FE36A4472C35}.Debug|x86.Build.0 = Debug|Win32
		{154AE33C-789C-4FB6-B46B-FE36A4472C35}.Release|x64.ActiveCfg = Release|x64
		{154AE33C-789C-4FB6-B46B-FE36A4472C35}.Release|x64.Build.0 = Release|x64
		{154AE33C-789C-4FB6-B46B-FE36A4472C35}.Release|x86.ActiveCfg = Release|Win32
		{154AE33C-789C-4FB6-B46B-FE36A4472C35}.Release|x86.Build.0 = Release|Win32
		{E77A1C68-FBFF-4F9E-82CE-B7E1D8A77FEF}.Debug|x64.ActiveCfg = Debug|x64
		{E77A1C68-FBFF-4F9E-82CE-B7E1D8A77FEF}.Debug|x64.Build.0 = Debug|x64
		{E77A1C68-FBFF-4F9E-82CE-B7E1D8A77FEF}.Debug|x86.ActiveCfg = Debug|Win32
		{E77A1C68-FBFF-4F9E-82CE-B7E1D8A77FEF}.Debug|x86.Build.0 = Debug|Win32
		{E77A1C68-FBFF-4F9E-82CE-B7E1D8A77FEF}.Release|x64.ActiveCfg = Release|x64
		{E77A1C68-FBFF-4F9E-82CE-B7E1D8A77FEF}.Release|x64.Build.0 = Release|x64
		{E77A1C68-FBFF-4F9E-82CE-B7E1D8A77FEF}.Release|x86.ActiveCfg = Release|Win32
		{E77A1C68-FBFF-4F9E-82CE-B7E1D8A77FEF}.Release|x86.Build.0 = Release|Win32
		{FFC29DD3-BEAB-46CE-98E7-28C251FFCF40}.Debug|x64.ActiveCfg = Debug|x64
		{FFC29DD3-BEAB-46CE-98E7-28C251FFCF40}.Debug|x64.Build.0 = Debug|x64
		{FFC29DD3-BEAB-46CE-98E7-28C251FFCF40}.Debug|x86.ActiveCfg = Debug|Win32
		{FFC29DD3-BEAB-46CE-98E7-28C251FFCF40}.Debug|x86.Build.0 = Debug|Win32
		{FFC29DD3-BEAB-46CE-98E7-28C251FFCF40}.Release|x64.ActiveCfg = Release|x64
		{FFC29DD3-BEAB-46CE-98E7-28C251FFCF40}.Release|x64.Build.0 = Release|x64
		{FFC29DD3-BEAB-46CE-98E7-28C251FFCF40}.Release|x86.ActiveCfg = Release|Win32
		{FFC29DD3-BEAB-46CE-98E7-28C251FFCF40}.Release|x86.Build.0 = Release|Win32
		{93726BF7-BD0C-4833-9DB7-B9475FC5DB0B}.Debug|x64.ActiveCfg = Debug|x64
		{93726BF7-BD0C-4833-9DB7-B9475FC5DB0B}.Debug|x64.Build.0 = Debug|x64
		{93726BF7-BD0C-4833-9DB7-B9475FC5DB0B}.Debug|x86.ActiveCfg = Debug|Win32
		{93726BF7-BD0C-4833-9DB7-B9475FC5DB0B}.Debug|x86.Build.0 = Debug|Win32
		{93726BF7-BD0C-4833-9DB7-B9475FC5DB0B}.Release|x64.ActiveCfg = Release|x64
		{93726BF7-BD0C-4833-9DB7-B9475FC5DB0B}.Release|x64.Build.0 = Release|x64
		{93726BF7-BD0C-4833-9DB7-B9475FC5DB0B}.Release|x86.ActiveCfg = Release|Win32
		{93726BF7-BD0C-4833-9DB7-B9475FC5DB0B}.Release|x86.Build.0 = Release|Win32
		{0F8F818C-AF32-409A-BCB7-E2F657E4C4E7}.Debug|x64.ActiveCfg = Debug|x64
		{0F8F818C-AF32-409A-BCB7-E2F657E4C4E7}.Debug|x64.Build.0 = Debug|x64
		{0F8F818C-AF32-409A-BCB7-E2F657E4C4E7}.Debug|x86.ActiveCfg = Debug|Win32
		{0F8F818C-AF32-409A-BCB7-E2F657E4C4E7}.Debug|x86.Build.0 = Debug|Win32
		{0F8F818C-AF32-409A-BCB7-E2F657E4C4E7}.Release|x64.ActiveCfg = Release|x64
		{0F8F818C-AF32-409A-BCB7-E2F657E4C4E7}.Release|x64.Build.0 = Release|x64
		{0F8F818C-AF32-409A-BCB7-E2F657E4C4E7}.Release|x86.ActiveCfg = Release|Win32
		{0F8F818C-AF32-409A-BCB7-E2F657E4C4E7}.Release|x86.Build.0 = Release|Win32
		{3CDE1AD1-AD57-4F3F-95AA-DE66B03278D1}.Debug|x64.ActiveCfg = Debug|x64
		{3CDE1AD1-AD57-4F3F-95AA-DE66B03278D1}.Debug|x64.Build.0 = Debug|x64
		{3CDE1AD1-AD57-4F3F-95AA-DE66B03278D1}.Debug|x86.ActiveCfg = Debug|Win32
		{3CDE1AD1-AD57-4F3F-95AA-DE66B03278D1}.Debug|x86.Build.0 = Debug|Win32
		{3CDE1AD1-AD57-4F3F-95AA-DE66B03278D1}.Release|x64.ActiveCfg = Release|x64
		{3CDE1AD1-AD57-4F3F-95AA-DE66B03278D1}.Release|x64.Build.0 = Release|x64
		{3CDE1AD1-AD57-4F3F-95AA-DE66B03278D1}.Release|x86.ActiveCfg = Release|Win32
		{3CDE1AD1-AD57-4F3F-95AA-DE66B03278D1}.Release|x86.Build.0 = Release|Win32
		{020BAE8D-7090-45BC-8889-A9DAF2C954C9}.Debug|x64.ActiveCfg = Debug|x64
		{020BAE8D-7090-45BC-8889-A9DAF2C954C9}.Debug|x64.Build.0 = Debug|x64
		{020BAE8D-7090-45BC-8889-A9DAF2C954C9}.Debug|x86.ActiveCfg = Debug|Win32
		{020BAE8D-7090-45BC-8889-A9DAF2C954C9}.Debug|x86.Build.0 = Debug|Win32
		{020BAE8D-7090-45BC-8889-A9DAF2C954C9}.Release|x64.ActiveCfg = Release|x64
		{020BAE8D-7090-45BC-8889-A9DAF2C954C9}.Release|x64.Build.0 = Release|x64
		{020BAE8D-7090-45BC-8889-A9DAF2C954C9}.Release|x86.ActiveCfg = Release|Win32
		{020BAE8D-7090-45BC-8889-A9DAF2C954C9}.Release|x86.Build.0 = Release|Win32
		{B7C825B0-27F8-4CA9-B430-AEF2D1473A5F}.Debug|x64.ActiveCfg = Debug|x64
		{B7C825B0-27F8-4CA9-B430-AEF2D1473A5F}.Debug|x64.Build.0 = Debug|x64
		{B7C825B0-27F8-4CA9-B430-AEF2D1473A5F}.Debug|x86.ActiveCfg = Debug|Win32
		{B7C825B0-27F8-4CA9-B430-AEF2D1473A5F}.Debug|x86.Build.0 = Debug|Win32
		{B7C825B0-27F8-4CA9-B430-AEF2D1473A5F}.Release|x64.ActiveCfg = Release|x64
		{B7C825B0-27F8-4CA9-B430-AEF2D1473A5F}.Release|x64.Build.0 = Release|x64
		{B7C825B0-27F8-4CA9-B430-AEF2D1473A5F}.Release|x86.ActiveCfg = Release|Win32
		{B7C825B0-27F8-4CA9-B430-AEF2D1473A5F}.Release|x86.Build.0 = Release|Win32
		{96DC1124-EBF8-42DC-9392-2D7F19147B6D}.Debug|x64.ActiveCfg = Debug|x64
		{96DC1124-EBF8-42DC-9392-2D7F19147B6D}.Debug|x64.Build.0 = Debug|x64
		{96DC1124-EBF8-42DC-9392-2D7F19147B6D}.Debug|x86.ActiveCfg = Debug|Win32
		{96DC1124-EBF8-42DC-9392-2D7F19147B6D}.Debug|x86.Build.0 = Debug|Win32
		{96DC1124-EBF8-42DC-9392-2D7F19147B6D}.Release|x64.ActiveCfg = Release|x64
		{96DC1124-EBF8-42DC-9392-2D7F19147B6D}.Release|x64.Build.0 = Release|x64
		{96DC1124-EBF8-42DC-9392-2D7F19147B6D}.Release|x86.ActiveCfg = Release|Win32
		{96DC1124-EBF8-42DC-9392-2D7F19147B6D}.Release|x86.Build.0 = Release|Win32
		{0CA06687-5CD5-43BB-AC96-A6800709D88B}.Debug|x64.ActiveCfg = Debug|x64
		{0CA06687-5CD5-43BB-AC96-A6800709D88B}.Debug|x64.Build.0 = Debug|x64
		{0CA06687-5CD5-43BB-AC96-A6800709D88B}.Debug|x86.ActiveCfg = Debug|Win32
		{0CA06687-5CD5-43BB-AC96-A6800709D88B}.Debug|x86.Build.0 = Debug|Win32
		{0CA06687-5CD5-43BB-AC96-A6800709D88B}.Release|x64.ActiveCfg = Release|x64
		{0CA06687-5CD5-43BB-AC96-A6800709D88B}.Release|x64.Build.0 = Release|x64
		{0CA06687-5CD5-43BB-AC96-A6800709D88B}.Release|x86.ActiveCfg = Release|Win32
		{0CA06687-5CD5-43BB-AC96-A6800709D88B}.Release|x86.Build.0 = Release|Win32
		{FEFFE418-B149-4F01-B5B4-1FB7F3CDB2B3}.Debug|x64.ActiveCfg = Debug|x64
		{FEFFE418-B149-4F01-B5B4-1FB7F3CDB2B3}.Debug|x64.Build.0 = Debug|x64
		{FEFFE418-B149-4F01-B5B4-1FB7F3CDB2B3}.Debug|x86.ActiveCfg = Debug|Win32
		{FEFFE418-B149-4F01-B5B4-1FB7F3CDB2B3}.Debug|x86.Build.0 = Debug|Win32
		{FEFFE418-B149-4F01-B5B4-1FB7F3CDB2B3}.Release|x64.ActiveCfg = Release|x64
		{FEFFE418-B149-4F01-B5B4-1FB7F3CDB2B3}.Release|x64.Build.0 = Release|x64
		{FEFFE418-B149-4F01-B5B4-1FB7F3CDB2B3}.Release|x86.ActiveCfg = Release|Win32
		{FEFFE418-B149-4F01-B5B4-1FB7F3CDB2B3}.Release|x86.Build.0 = Release|Win32
		{903CD671-B711-4FB2-AA9B-C1E5E97FFDDA}.Debug|x64.ActiveCfg = Debug|x64
		{903CD671-B711-4FB2-AA9B-C1E5E97FFDDA}.Debug|x64.Build.0 = Debug|x64
		{903CD671-B711-4FB2-AA9B-C1E5E97FFDDA}.Debug|x86.ActiveCfg = Debug|Win32
		{903CD671-B711-4FB2-AA9B-C1E5E97FFDDA}.Debug|x86.Build.0 = Debug|Win32
		{903CD671-B711-4FB2-AA9B-C1E5E97FFDDA}.Release|x64.ActiveCfg = Release|x64
		{903CD671-B711-4FB2-AA9B-C1E5E97FFDDA}.Release|x64.Build.0 = Release|x64
		{903CD671-B711-4FB2-AA9B-C1E5E97FFDDA}.Release|x86.ActiveCfg = Release|Win32
		{903CD671-B711-4FB2-AA9B-C1E5E97FFDDA}.Release|x86.Build.0 = Release|Win32
		{8067A270-36F9-49D6-903F-1A2654632386}.Debug|x64.ActiveCfg = Debug|x64
		{8067A270-36F9-49D6-903F-1A2654632386}.Debug|x64.Build.0 = Debug|x64
		{8067A270-36F9-49D6-903F-1A2654632386}.Debug|x86.ActiveCfg = Debug|Win32
		{8067A270-36F9-49D6-903F-1A2654632386}.Debug|x86.Build.0 = Debug|Win32
		{8067A270-36F9-49D6-903F-1A2654632386}.Release|x64.ActiveCfg = Release|x64
		{8067A270-36F9-49D6-903F-1A2654632386}.Release|x64.Build.0 = Release|x64
		{8067A270-36F9-49D6-903F-1A2654632386}.Release|x86.ActiveCfg = Release|Win32
		{8067A270-36F9-49D6-903F-1A2654632386}.Release|x86.Build.0 = Release|Win32
	EndGlobalSection
	GlobalSection(SolutionProperties) = preSolution
		HideSolutionNode = FALSE
	EndGlobalSection
	GlobalSection(ExtensibilityGlobals) = postSolution
		SolutionGuid = {193BBDB4-06C0-4B4D-945A-6E28D1A64070}
	EndGlobalSection
EndGlobal
